
Microsoft Visual Studio Solution File, Format Version 12.00
# Visual Studio Version 17
VisualStudioVersion = 17.8.34330.188
MinimumVisualStudioVersion = 10.0.40219.1
Project("{FAE04EC0-301F-11D3-BF4B-00C04F79EFBC}") = "MoveImages", "MoveImages\MoveImages.csproj", "{5A8AF32C-72F6-4873-A348-2E7BF4BA514D}"
EndProject
Project("{FAE04EC0-301F-11D3-BF4B-00C04F79EFBC}") = "MoveImagesTest", "MoveImagesTest\MoveImagesTest.csproj", "{D2B5D137-D361-4A40-BC86-01F5D437DAE1}"
EndProject
Global
	GlobalSection(SolutionConfigurationPlatforms) = preSolution
		Debug|Any CPU = Debug|Any CPU
		Release|Any CPU = Release|Any CPU
	EndGlobalSection
	GlobalSection(ProjectConfigurationPlatforms) = postSolution
		{5A8AF32C-72F6-4873-A348-2E7BF4BA514D}.Debug|Any CPU.ActiveCfg = Debug|Any CPU
		{5A8AF32C-72F6-4873-A348-2E7BF4BA514D}.Debug|Any CPU.Build.0 = Debug|Any CPU
		{5A8AF32C-72F6-4873-A348-2E7BF4BA514D}.Release|Any CPU.ActiveCfg = Release|Any CPU
		{5A8AF32C-72F6-4873-A348-2E7BF4BA514D}.Release|Any CPU.Build.0 = Release|Any CPU
		{D2B5D137-D361-4A40-BC86-01F5D437DAE1}.Debug|Any CPU.ActiveCfg = Debug|Any CPU
		{D2B5D137-D361-4A40-BC86-01F5D437DAE1}.Debug|Any CPU.Build.0 = Debug|Any CPU
		{D2B5D137-D361-4A40-BC86-01F5D437DAE1}.Release|Any CPU.ActiveCfg = Release|Any CPU
		{D2B5D137-D361-4A40-BC86-01F5D437DAE1}.Release|Any CPU.Build.0 = Release|Any CPU
	EndGlobalSection
	GlobalSection(SolutionProperties) = preSolution
		HideSolutionNode = FALSE
	EndGlobalSection
	GlobalSection(ExtensibilityGlobals) = postSolution
		SolutionGuid = {5695F440-45CD-4830-A7C3-7610F2B21604}
	EndGlobalSection
EndGlobal
